
Microsoft Visual Studio Solution File, Format Version 12.00
# Visual Studio 14
VisualStudioVersion = 14.0.23107.0
MinimumVisualStudioVersion = 10.0.40219.1
Project("{F2A71F9B-5D33-465A-A702-920D77279786}") = "FSharp.Puzzles.Tests", "FSharp.Puzzles.Tests\FSharp.Puzzles.Tests.fsproj", "{C67C0A68-F29B-4EC0-8F86-A4F414946CDA}"
EndProject
Project("{2150E333-8FDC-42A3-9474-1A3956D46DE8}") = "Solution Items", "Solution Items", "{71EC9AF3-57B1-4010-BD16-EBBE6A8EFDCB}"
	ProjectSection(SolutionItems) = preProject
		Puzzle1.md = Puzzle1.md
		README.md = README.md
	EndProjectSection
EndProject
Project("{F2A71F9B-5D33-465A-A702-920D77279786}") = "FSharp.Puzzles.Solutions", "FSharp.Puzzles.Solutions\FSharp.Puzzles.Solutions.fsproj", "{7431FB7F-2ECB-4A98-9752-2107977B5754}"
EndProject
Project("{2150E333-8FDC-42A3-9474-1A3956D46DE8}") = "TestData", "TestData", "{35AC7A93-3BE8-42B8-BD5F-C02513230762}"
	ProjectSection(SolutionItems) = preProject
		TestData\Puzzle6_TestCaseA.txt = TestData\Puzzle6_TestCaseA.txt
		TestData\Puzzle6_TestCaseB.txt = TestData\Puzzle6_TestCaseB.txt
		TestData\Puzzle6_TestCaseC.txt = TestData\Puzzle6_TestCaseC.txt
		TestData\Puzzle_Rosalind_RNA.txt = TestData\Puzzle_Rosalind_RNA.txt
	EndProjectSection
EndProject
Global
	GlobalSection(SolutionConfigurationPlatforms) = preSolution
		Debug|Any CPU = Debug|Any CPU
		Debug|ARM = Debug|ARM
		Debug|x64 = Debug|x64
		Debug|x86 = Debug|x86
		Release|Any CPU = Release|Any CPU
		Release|ARM = Release|ARM
		Release|x64 = Release|x64
		Release|x86 = Release|x86
	EndGlobalSection
	GlobalSection(ProjectConfigurationPlatforms) = postSolution
		{C67C0A68-F29B-4EC0-8F86-A4F414946CDA}.Debug|Any CPU.ActiveCfg = Debug|Any CPU
		{C67C0A68-F29B-4EC0-8F86-A4F414946CDA}.Debug|Any CPU.Build.0 = Debug|Any CPU
		{C67C0A68-F29B-4EC0-8F86-A4F414946CDA}.Debug|ARM.ActiveCfg = Debug|Any CPU
		{C67C0A68-F29B-4EC0-8F86-A4F414946CDA}.Debug|ARM.Build.0 = Debug|Any CPU
		{C67C0A68-F29B-4EC0-8F86-A4F414946CDA}.Debug|x64.ActiveCfg = Debug|Any CPU
		{C67C0A68-F29B-4EC0-8F86-A4F414946CDA}.Debug|x64.Build.0 = Debug|Any CPU
		{C67C0A68-F29B-4EC0-8F86-A4F414946CDA}.Debug|x86.ActiveCfg = Debug|Any CPU
		{C67C0A68-F29B-4EC0-8F86-A4F414946CDA}.Debug|x86.Build.0 = Debug|Any CPU
		{C67C0A68-F29B-4EC0-8F86-A4F414946CDA}.Release|Any CPU.ActiveCfg = Release|Any CPU
		{C67C0A68-F29B-4EC0-8F86-A4F414946CDA}.Release|Any CPU.Build.0 = Release|Any CPU
		{C67C0A68-F29B-4EC0-8F86-A4F414946CDA}.Release|ARM.ActiveCfg = Release|Any CPU
		{C67C0A68-F29B-4EC0-8F86-A4F414946CDA}.Release|ARM.Build.0 = Release|Any CPU
		{C67C0A68-F29B-4EC0-8F86-A4F414946CDA}.Release|x64.ActiveCfg = Release|Any CPU
		{C67C0A68-F29B-4EC0-8F86-A4F414946CDA}.Release|x64.Build.0 = Release|Any CPU
		{C67C0A68-F29B-4EC0-8F86-A4F414946CDA}.Release|x86.ActiveCfg = Release|Any CPU
		{C67C0A68-F29B-4EC0-8F86-A4F414946CDA}.Release|x86.Build.0 = Release|Any CPU
		{7431FB7F-2ECB-4A98-9752-2107977B5754}.Debug|Any CPU.ActiveCfg = Debug|Any CPU
		{7431FB7F-2ECB-4A98-9752-2107977B5754}.Debug|Any CPU.Build.0 = Debug|Any CPU
		{7431FB7F-2ECB-4A98-9752-2107977B5754}.Debug|ARM.ActiveCfg = Debug|Any CPU
		{7431FB7F-2ECB-4A98-9752-2107977B5754}.Debug|ARM.Build.0 = Debug|Any CPU
		{7431FB7F-2ECB-4A98-9752-2107977B5754}.Debug|x64.ActiveCfg = Debug|Any CPU
		{7431FB7F-2ECB-4A98-9752-2107977B5754}.Debug|x64.Build.0 = Debug|Any CPU
		{7431FB7F-2ECB-4A98-9752-2107977B5754}.Debug|x86.ActiveCfg = Debug|Any CPU
		{7431FB7F-2ECB-4A98-9752-2107977B5754}.Debug|x86.Build.0 = Debug|Any CPU
		{7431FB7F-2ECB-4A98-9752-2107977B5754}.Release|Any CPU.ActiveCfg = Release|Any CPU
		{7431FB7F-2ECB-4A98-9752-2107977B5754}.Release|Any CPU.Build.0 = Release|Any CPU
		{7431FB7F-2ECB-4A98-9752-2107977B5754}.Release|ARM.ActiveCfg = Release|Any CPU
		{7431FB7F-2ECB-4A98-9752-2107977B5754}.Release|ARM.Build.0 = Release|Any CPU
		{7431FB7F-2ECB-4A98-9752-2107977B5754}.Release|x64.ActiveCfg = Release|Any CPU
		{7431FB7F-2ECB-4A98-9752-2107977B5754}.Release|x64.Build.0 = Release|Any CPU
		{7431FB7F-2ECB-4A98-9752-2107977B5754}.Release|x86.ActiveCfg = Release|Any CPU
		{7431FB7F-2ECB-4A98-9752-2107977B5754}.Release|x86.Build.0 = Release|Any CPU
	EndGlobalSection
	GlobalSection(SolutionProperties) = preSolution
		HideSolutionNode = FALSE
	EndGlobalSection
EndGlobal
